
Microsoft Visual Studio Solution File, Format Version 12.00
# Visual Studio Version 16
VisualStudioVersion = 16.0.29503.13
MinimumVisualStudioVersion = 10.0.40219.1
Project("{8BC9CEB8-8B4A-11D0-8D11-00A0C91BC942}") = "Practice", "Practice\Practice.vcxproj", "{20ADF6D9-F7DE-401B-85A4-3E8FA10090B7}"
EndProject
Project("{8BC9CEB8-8B4A-11D0-8D11-00A0C91BC942}") = "Classes", "Classes\Classes.vcxproj", "{A519D275-1278-4345-90A7-257F9A41C54B}"
EndProject
Project("{8BC9CEB8-8B4A-11D0-8D11-00A0C91BC942}") = "linkedLists", "linkedLists\linkedLists.vcxproj", "{D2DE8930-A91E-48BF-AF14-47C8705B83E4}"
EndProject
Project("{8BC9CEB8-8B4A-11D0-8D11-00A0C91BC942}") = "stacksAndQueues", "stacksAndQueues\stacksAndQueues.vcxproj", "{4F8ED752-2962-4295-B975-F42D130606F3}"
EndProject
Global
	GlobalSection(SolutionConfigurationPlatforms) = preSolution
		Debug|x64 = Debug|x64
		Debug|x86 = Debug|x86
		Release|x64 = Release|x64
		Release|x86 = Release|x86
	EndGlobalSection
	GlobalSection(ProjectConfigurationPlatforms) = postSolution
		{20ADF6D9-F7DE-401B-85A4-3E8FA10090B7}.Debug|x64.ActiveCfg = Debug|x64
		{20ADF6D9-F7DE-401B-85A4-3E8FA10090B7}.Debug|x64.Build.0 = Debug|x64
		{20ADF6D9-F7DE-401B-85A4-3E8FA10090B7}.Debug|x86.ActiveCfg = Debug|Win32
		{20ADF6D9-F7DE-401B-85A4-3E8FA10090B7}.Debug|x86.Build.0 = Debug|Win32
		{20ADF6D9-F7DE-401B-85A4-3E8FA10090B7}.Release|x64.ActiveCfg = Release|x64
		{20ADF6D9-F7DE-401B-85A4-3E8FA10090B7}.Release|x64.Build.0 = Release|x64
		{20ADF6D9-F7DE-401B-85A4-3E8FA10090B7}.Release|x86.ActiveCfg = Release|Win32
		{20ADF6D9-F7DE-401B-85A4-3E8FA10090B7}.Release|x86.Build.0 = Release|Win32
		{A519D275-1278-4345-90A7-257F9A41C54B}.Debug|x64.ActiveCfg = Debug|x64
		{A519D275-1278-4345-90A7-257F9A41C54B}.Debug|x64.Build.0 = Debug|x64
		{A519D275-1278-4345-90A7-257F9A41C54B}.Debug|x86.ActiveCfg = Debug|Win32
		{A519D275-1278-4345-90A7-257F9A41C54B}.Debug|x86.Build.0 = Debug|Win32
		{A519D275-1278-4345-90A7-257F9A41C54B}.Release|x64.ActiveCfg = Release|x64
		{A519D275-1278-4345-90A7-257F9A41C54B}.Release|x64.Build.0 = Release|x64
		{A519D275-1278-4345-90A7-257F9A41C54B}.Release|x86.ActiveCfg = Release|Win32
		{A519D275-1278-4345-90A7-257F9A41C54B}.Release|x86.Build.0 = Release|Win32
		{D2DE8930-A91E-48BF-AF14-47C8705B83E4}.Debug|x64.ActiveCfg = Debug|x64
		{D2DE8930-A91E-48BF-AF14-47C8705B83E4}.Debug|x64.Build.0 = Debug|x64
		{D2DE8930-A91E-48BF-AF14-47C8705B83E4}.Debug|x86.ActiveCfg = Debug|Win32
		{D2DE8930-A91E-48BF-AF14-47C8705B83E4}.Debug|x86.Build.0 = Debug|Win32
		{D2DE8930-A91E-48BF-AF14-47C8705B83E4}.Release|x64.ActiveCfg = Release|x64
		{D2DE8930-A91E-48BF-AF14-47C8705B83E4}.Release|x64.Build.0 = Release|x64
		{D2DE8930-A91E-48BF-AF14-47C8705B83E4}.Release|x86.ActiveCfg = Release|Win32
		{D2DE8930-A91E-48BF-AF14-47C8705B83E4}.Release|x86.Build.0 = Release|Win32
		{4F8ED752-2962-4295-B975-F42D130606F3}.Debug|x64.ActiveCfg = Debug|x64
		{4F8ED752-2962-4295-B975-F42D130606F3}.Debug|x64.Build.0 = Debug|x64
		{4F8ED752-2962-4295-B975-F42D130606F3}.Debug|x86.ActiveCfg = Debug|Win32
		{4F8ED752-2962-4295-B975-F42D130606F3}.Debug|x86.Build.0 = Debug|Win32
		{4F8ED752-2962-4295-B975-F42D130606F3}.Release|x64.ActiveCfg = Release|x64
		{4F8ED752-2962-4295-B975-F42D130606F3}.Release|x64.Build.0 = Release|x64
		{4F8ED752-2962-4295-B975-F42D130606F3}.Release|x86.ActiveCfg = Release|Win32
		{4F8ED752-2962-4295-B975-F42D130606F3}.Release|x86.Build.0 = Release|Win32
	EndGlobalSection
	GlobalSection(SolutionProperties) = preSolution
		HideSolutionNode = FALSE
	EndGlobalSection
	GlobalSection(ExtensibilityGlobals) = postSolution
		SolutionGuid = {C8840871-1A3D-469E-BC1A-1C07851CBDB5}
	EndGlobalSection
EndGlobal
